
Microsoft Visual Studio Solution File, Format Version 12.00
# Visual Studio Version 17
VisualStudioVersion = 17.4.33403.182
MinimumVisualStudioVersion = 10.0.40219.1
Project("{FAE04EC0-301F-11D3-BF4B-00C04F79EFBC}") = "TaskManagementApp", "TaskManagementApp.csproj", "{61415DB0-9EF6-4469-9538-F57AC8AFFB26}"
EndProject
Project("{FAE04EC0-301F-11D3-BF4B-00C04F79EFBC}") = "TaskManagement.Tests", "..\TaskManagement.Tests\TaskManagement.Tests.csproj", "{82C28DF5-83E3-43DB-98AF-C3EF38143830}"
EndProject
Global
	GlobalSection(SolutionConfigurationPlatforms) = preSolution
		Debug|Any CPU = Debug|Any CPU
		Release|Any CPU = Release|Any CPU
	EndGlobalSection
	GlobalSection(ProjectConfigurationPlatforms) = postSolution
		{61415DB0-9EF6-4469-9538-F57AC8AFFB26}.Debug|Any CPU.ActiveCfg = Debug|Any CPU
		{61415DB0-9EF6-4469-9538-F57AC8AFFB26}.Debug|Any CPU.Build.0 = Debug|Any CPU
		{61415DB0-9EF6-4469-9538-F57AC8AFFB26}.Release|Any CPU.ActiveCfg = Release|Any CPU
		{61415DB0-9EF6-4469-9538-F57AC8AFFB26}.Release|Any CPU.Build.0 = Release|Any CPU
		{82C28DF5-83E3-43DB-98AF-C3EF38143830}.Debug|Any CPU.ActiveCfg = Debug|Any CPU
		{82C28DF5-83E3-43DB-98AF-C3EF38143830}.Debug|Any CPU.Build.0 = Debug|Any CPU
		{82C28DF5-83E3-43DB-98AF-C3EF38143830}.Release|Any CPU.ActiveCfg = Release|Any CPU
		{82C28DF5-83E3-43DB-98AF-C3EF38143830}.Release|Any CPU.Build.0 = Release|Any CPU
	EndGlobalSection
	GlobalSection(SolutionProperties) = preSolution
		HideSolutionNode = FALSE
	EndGlobalSection
	GlobalSection(ExtensibilityGlobals) = postSolution
		SolutionGuid = {50B7637E-A6EE-4B07-BB0E-BF007A457385}
	EndGlobalSection
EndGlobal
